
Microsoft Visual Studio Solution File, Format Version 12.00
# Visual Studio Version 17
VisualStudioVersion = 17.0.31903.59
MinimumVisualStudioVersion = 10.0.40219.1
Project("{2150E333-8FDC-42A3-9474-1A3956D46DE8}") = "Tests", "Tests", "{C1A586A4-3451-411A-A807-BBFE0082102C}"
EndProject
Project("{FAE04EC0-301F-11D3-BF4B-00C04F79EFBC}") = "MetaWeather.TestConsole", "Tests\MetaWeather.TestConsole\MetaWeather.TestConsole.csproj", "{2A528112-C14F-4BB2-9E36-112C5578A449}"
EndProject
Project("{FAE04EC0-301F-11D3-BF4B-00C04F79EFBC}") = "MetaWeather", "MetaWeather\MetaWeather.csproj", "{D6D0DBD4-DD65-4F3D-84F2-88BFFB7FDCB2}"
EndProject
Global
	GlobalSection(SolutionConfigurationPlatforms) = preSolution
		Debug|Any CPU = Debug|Any CPU
		Release|Any CPU = Release|Any CPU
	EndGlobalSection
	GlobalSection(SolutionProperties) = preSolution
		HideSolutionNode = FALSE
	EndGlobalSection
	GlobalSection(ProjectConfigurationPlatforms) = postSolution
		{2A528112-C14F-4BB2-9E36-112C5578A449}.Debug|Any CPU.ActiveCfg = Debug|Any CPU
		{2A528112-C14F-4BB2-9E36-112C5578A449}.Debug|Any CPU.Build.0 = Debug|Any CPU
		{2A528112-C14F-4BB2-9E36-112C5578A449}.Release|Any CPU.ActiveCfg = Release|Any CPU
		{2A528112-C14F-4BB2-9E36-112C5578A449}.Release|Any CPU.Build.0 = Release|Any CPU
		{D6D0DBD4-DD65-4F3D-84F2-88BFFB7FDCB2}.Debug|Any CPU.ActiveCfg = Debug|Any CPU
		{D6D0DBD4-DD65-4F3D-84F2-88BFFB7FDCB2}.Debug|Any CPU.Build.0 = Debug|Any CPU
		{D6D0DBD4-DD65-4F3D-84F2-88BFFB7FDCB2}.Release|Any CPU.ActiveCfg = Release|Any CPU
		{D6D0DBD4-DD65-4F3D-84F2-88BFFB7FDCB2}.Release|Any CPU.Build.0 = Release|Any CPU
	EndGlobalSection
	GlobalSection(NestedProjects) = preSolution
		{2A528112-C14F-4BB2-9E36-112C5578A449} = {C1A586A4-3451-411A-A807-BBFE0082102C}
	EndGlobalSection
EndGlobal
